// !$*UTF8*$!
{
	archiveVersion = 1;
	classes = {
	};
	objectVersion = 70;
	objects = {

/* Begin PBXBuildFile section */
		13F8AD798DCE430389F17335 /* CommandHistoryProvider.swift in Sources */ = {isa = PBXBuildFile; fileRef = 0D4E20C00EC14B4793D50161 /* CommandHistoryProvider.swift */; };
		152D80D6AF084DAB97550FA4 /* SearchModels.swift in Sources */ = {isa = PBXBuildFile; fileRef = F4DA2C31379641B1A1AC14F5 /* SearchModels.swift */; };
		40F163A6A2FD4F6AB5D7A470 /* FuzzySearchHelper.swift in Sources */ = {isa = PBXBuildFile; fileRef = 54BBF21CB8BD45FC9CAF0F6C /* FuzzySearchHelper.swift */; };
		63527C652CA5F0CD0089DB0D /* formula.json in Resources */ = {isa = PBXBuildFile; fileRef = 63527C622CA5F0CD0089DB0D /* formula.json */; };
		63527C662CA5F0CD0089DB0D /* cask.json in Resources */ = {isa = PBXBuildFile; fileRef = 63527C612CA5F0CD0089DB0D /* cask.json */; };
		636F8E542E45061C00BD4256 /* MainWindowController.swift in Sources */ = {isa = PBXBuildFile; fileRef = 636F8E522E45061C00BD4256 /* MainWindowController.swift */; };
		636F8E552E45061C00BD4256 /* MainViewController.swift in Sources */ = {isa = PBXBuildFile; fileRef = 636F8E512E45061C00BD4256 /* MainViewController.swift */; };
		636F8E582E4506D600BD4256 /* App.swift in Sources */ = {isa = PBXBuildFile; fileRef = 636F8E562E4506D600BD4256 /* App.swift */; };
		636F8E5B2E45092B00BD4256 /* main.swift in Sources */ = {isa = PBXBuildFile; fileRef = 636F8E5A2E45092B00BD4256 /* main.swift */; };
		636F8E5E2E45156D00BD4256 /* HotKey in Frameworks */ = {isa = PBXBuildFile; productRef = 636F8E5D2E45156D00BD4256 /* HotKey */; };
		63AB603A2BB5DC4800254B65 /* Assets.xcassets in Resources */ = {isa = PBXBuildFile; fileRef = 63AB60392BB5DC4800254B65 /* Assets.xcassets */; };
		63FA80022F7B1C1000A1B234 /* GlobalShortcutManager.swift in Sources */ = {isa = PBXBuildFile; fileRef = 63FA80012F7B1C1000A1B234 /* GlobalShortcutManager.swift */; };
		63FA80042F7B1C1000A1B234 /* ShortcutCaptureTextField.swift in Sources */ = {isa = PBXBuildFile; fileRef = 63FA80032F7B1C1000A1B234 /* ShortcutCaptureTextField.swift */; };
		63FA80062F7B1C1000A1B234 /* SettingsViewController.swift in Sources */ = {isa = PBXBuildFile; fileRef = 63FA80052F7B1C1000A1B234 /* SettingsViewController.swift */; };
		63FA80082F7B1C1000A1B234 /* SettingsWindowController.swift in Sources */ = {isa = PBXBuildFile; fileRef = 63FA80072F7B1C1000A1B234 /* SettingsWindowController.swift */; };
		7736A268BF87493C9A73C67B /* InstalledApplicationsProvider.swift in Sources */ = {isa = PBXBuildFile; fileRef = FAF6B1C1CB5E41698A8D2377 /* InstalledApplicationsProvider.swift */; };
		938A1D0CFD994AA68424E402 /* CaskSearchProvider.swift in Sources */ = {isa = PBXBuildFile; fileRef = 72A4F706BC3F42B5BBDD44BC /* CaskSearchProvider.swift */; };
		A6C666C8C8664BE0853AACB2 /* Conductor.swift in Sources */ = {isa = PBXBuildFile; fileRef = 479A740B3B974E9B96452193 /* Conductor.swift */; };
		C8997156F90D42B087D55ACF /* SearchProvider.swift in Sources */ = {isa = PBXBuildFile; fileRef = 5952FA7F4544462AA84852D7 /* SearchProvider.swift */; };
		D4FE57E32FC8DCD8009F6AC1 /* SearchResultCellView.swift in Sources */ = {isa = PBXBuildFile; fileRef = D4FE57E12FC8DCD8009F6AC1 /* SearchResultCellView.swift */; };
		D4FE57E42FC8DCD8009F6AC1 /* SearchResult+Presentation.swift in Sources */ = {isa = PBXBuildFile; fileRef = D4FE57E22FC8DCD8009F6AC1 /* SearchResult+Presentation.swift */; };
		D4FE58052FC8E0E9009F6AC1 /* CommandMenuController.swift in Sources */ = {isa = PBXBuildFile; fileRef = D4FE58042FC8E0E9009F6AC1 /* CommandMenuController.swift */; };
		F423BD0F3064F53E64E5364F /* CommandHistory.swift in Sources */ = {isa = PBXBuildFile; fileRef = CBF88BFA021A74AFD984F7C4 /* CommandHistory.swift */; };
/* End PBXBuildFile section */

/* Begin PBXFileReference section */
		0D4E20C00EC14B4793D50161 /* CommandHistoryProvider.swift */ = {isa = PBXFileReference; lastKnownFileType = sourcecode.swift; path = CommandHistoryProvider.swift; sourceTree = "<group>"; };
		479A740B3B974E9B96452193 /* Conductor.swift */ = {isa = PBXFileReference; lastKnownFileType = sourcecode.swift; path = Conductor.swift; sourceTree = "<group>"; };
		54BBF21CB8BD45FC9CAF0F6C /* FuzzySearchHelper.swift */ = {isa = PBXFileReference; lastKnownFileType = sourcecode.swift; path = FuzzySearchHelper.swift; sourceTree = "<group>"; };
		5952FA7F4544462AA84852D7 /* SearchProvider.swift */ = {isa = PBXFileReference; lastKnownFileType = sourcecode.swift; path = SearchProvider.swift; sourceTree = "<group>"; };
		63527C602CA5F0CD0089DB0D /* .gitignore */ = {isa = PBXFileReference; lastKnownFileType = text; path = .gitignore; sourceTree = "<group>"; };
		63527C612CA5F0CD0089DB0D /* cask.json */ = {isa = PBXFileReference; lastKnownFileType = text.json; path = cask.json; sourceTree = "<group>"; };
		63527C622CA5F0CD0089DB0D /* formula.json */ = {isa = PBXFileReference; lastKnownFileType = text.json; path = formula.json; sourceTree = "<group>"; };
		636F8E512E45061C00BD4256 /* MainViewController.swift */ = {isa = PBXFileReference; lastKnownFileType = sourcecode.swift; path = MainViewController.swift; sourceTree = "<group>"; };
		636F8E522E45061C00BD4256 /* MainWindowController.swift */ = {isa = PBXFileReference; lastKnownFileType = sourcecode.swift; path = MainWindowController.swift; sourceTree = "<group>"; };
		636F8E562E4506D600BD4256 /* App.swift */ = {isa = PBXFileReference; lastKnownFileType = sourcecode.swift; path = App.swift; sourceTree = "<group>"; };
		636F8E5A2E45092B00BD4256 /* main.swift */ = {isa = PBXFileReference; lastKnownFileType = sourcecode.swift; path = main.swift; sourceTree = "<group>"; };
		63AB60322BB5DC4700254B65 /* xxx.app */ = {isa = PBXFileReference; explicitFileType = wrapper.application; includeInIndex = 0; path = xxx.app; sourceTree = BUILT_PRODUCTS_DIR; };
		63AB60392BB5DC4800254B65 /* Assets.xcassets */ = {isa = PBXFileReference; lastKnownFileType = folder.assetcatalog; path = Assets.xcassets; sourceTree = "<group>"; };
		63AB603B2BB5DC4800254B65 /* xxx.entitlements */ = {isa = PBXFileReference; lastKnownFileType = text.plist.entitlements; path = xxx.entitlements; sourceTree = "<group>"; };
		63FA80012F7B1C1000A1B234 /* GlobalShortcutManager.swift */ = {isa = PBXFileReference; lastKnownFileType = sourcecode.swift; path = GlobalShortcutManager.swift; sourceTree = "<group>"; };
		63FA80032F7B1C1000A1B234 /* ShortcutCaptureTextField.swift */ = {isa = PBXFileReference; lastKnownFileType = sourcecode.swift; path = ShortcutCaptureTextField.swift; sourceTree = "<group>"; };
		63FA80052F7B1C1000A1B234 /* SettingsViewController.swift */ = {isa = PBXFileReference; lastKnownFileType = sourcecode.swift; path = SettingsViewController.swift; sourceTree = "<group>"; };
		63FA80072F7B1C1000A1B234 /* SettingsWindowController.swift */ = {isa = PBXFileReference; lastKnownFileType = sourcecode.swift; path = SettingsWindowController.swift; sourceTree = "<group>"; };
		72A4F706BC3F42B5BBDD44BC /* CaskSearchProvider.swift */ = {isa = PBXFileReference; lastKnownFileType = sourcecode.swift; path = CaskSearchProvider.swift; sourceTree = "<group>"; };
		CBF88BFA021A74AFD984F7C4 /* CommandHistory.swift */ = {isa = PBXFileReference; lastKnownFileType = sourcecode.swift; path = CommandHistory.swift; sourceTree = "<group>"; };
		D4FE57E12FC8DCD8009F6AC1 /* SearchResultCellView.swift */ = {isa = PBXFileReference; lastKnownFileType = sourcecode.swift; path = SearchResultCellView.swift; sourceTree = "<group>"; };
		D4FE57E22FC8DCD8009F6AC1 /* SearchResult+Presentation.swift */ = {isa = PBXFileReference; lastKnownFileType = sourcecode.swift; path = "SearchResult+Presentation.swift"; sourceTree = "<group>"; };
		D4FE58042FC8E0E9009F6AC1 /* CommandMenuController.swift */ = {isa = PBXFileReference; lastKnownFileType = sourcecode.swift; path = CommandMenuController.swift; sourceTree = "<group>"; };
		F4DA2C31379641B1A1AC14F5 /* SearchModels.swift */ = {isa = PBXFileReference; lastKnownFileType = sourcecode.swift; path = SearchModels.swift; sourceTree = "<group>"; };
		FAF6B1C1CB5E41698A8D2377 /* InstalledApplicationsProvider.swift */ = {isa = PBXFileReference; lastKnownFileType = sourcecode.swift; path = InstalledApplicationsProvider.swift; sourceTree = "<group>"; };
/* End PBXFileReference section */

/* Begin PBXFileSystemSynchronizedRootGroup section */
		639992162EB2670700013B06 /* Resources */ = {isa = PBXFileSystemSynchronizedRootGroup; explicitFileTypes = {}; explicitFolders = (); path = Resources; sourceTree = "<group>"; };
/* End PBXFileSystemSynchronizedRootGroup section */

/* Begin PBXFrameworksBuildPhase section */
		63AB602F2BB5DC4700254B65 /* Frameworks */ = {
			isa = PBXFrameworksBuildPhase;
			buildActionMask = 2147483647;
			files = (
				636F8E5E2E45156D00BD4256 /* HotKey in Frameworks */,
			);
			runOnlyForDeploymentPostprocessing = 0;
		};
/* End PBXFrameworksBuildPhase section */

/* Begin PBXGroup section */
		63527C632CA5F0CD0089DB0D /* Data */ = {
			isa = PBXGroup;
			children = (
				63527C602CA5F0CD0089DB0D /* .gitignore */,
				63527C612CA5F0CD0089DB0D /* cask.json */,
				63527C622CA5F0CD0089DB0D /* formula.json */,
			);
			path = Data;
			sourceTree = "<group>";
		};
		63AB60292BB5DC4700254B65 = {
			isa = PBXGroup;
			children = (
				63FA4ED52F6F3A1C00123456 /* Sources */,
				63AB60392BB5DC4800254B65 /* Assets.xcassets */,
				639992162EB2670700013B06 /* Resources */,
				63527C632CA5F0CD0089DB0D /* Data */,
				63AB60332BB5DC4700254B65 /* Products */,
			);
			sourceTree = "<group>";
		};
		63AB60332BB5DC4700254B65 /* Products */ = {
			isa = PBXGroup;
			children = (
				63AB60322BB5DC4700254B65 /* xxx.app */,
			);
			name = Products;
			sourceTree = "<group>";
		};
		63FA4ED52F6F3A1C00123456 /* Sources */ = {
			isa = PBXGroup;
			children = (
				636F8E5A2E45092B00BD4256 /* main.swift */,
				636F8E562E4506D600BD4256 /* App.swift */,
				A33AD34C58BF45CB8E548451 /* Providers */,
				CBF88BFA021A74AFD984F7C4 /* CommandHistory.swift */,
				636F8E512E45061C00BD4256 /* MainViewController.swift */,
				636F8E522E45061C00BD4256 /* MainWindowController.swift */,
				63FA80012F7B1C1000A1B234 /* GlobalShortcutManager.swift */,
				63FA80032F7B1C1000A1B234 /* ShortcutCaptureTextField.swift */,
				63FA80052F7B1C1000A1B234 /* SettingsViewController.swift */,
				63FA80072F7B1C1000A1B234 /* SettingsWindowController.swift */,
				D4FE57E12FC8DCD8009F6AC1 /* SearchResultCellView.swift */,
				D4FE57E22FC8DCD8009F6AC1 /* SearchResult+Presentation.swift */,
				D4FE58042FC8E0E9009F6AC1 /* CommandMenuController.swift */,
				63AB603B2BB5DC4800254B65 /* xxx.entitlements */,
			);
			path = Sources;
			sourceTree = "<group>";
		};
		A33AD34C58BF45CB8E548451 /* Providers */ = {
			isa = PBXGroup;
			children = (
				F4DA2C31379641B1A1AC14F5 /* SearchModels.swift */,
				5952FA7F4544462AA84852D7 /* SearchProvider.swift */,
				54BBF21CB8BD45FC9CAF0F6C /* FuzzySearchHelper.swift */,
				FAF6B1C1CB5E41698A8D2377 /* InstalledApplicationsProvider.swift */,
				0D4E20C00EC14B4793D50161 /* CommandHistoryProvider.swift */,
				72A4F706BC3F42B5BBDD44BC /* CaskSearchProvider.swift */,
				479A740B3B974E9B96452193 /* Conductor.swift */,
			);
			path = Providers;
			sourceTree = "<group>";
		};
/* End PBXGroup section */

/* Begin PBXNativeTarget section */
		63AB60312BB5DC4700254B65 /* xxx */ = {
			isa = PBXNativeTarget;
			buildConfigurationList = 63AB60412BB5DC4800254B65 /* Build configuration list for PBXNativeTarget "xxx" */;
			buildPhases = (
				63AB602E2BB5DC4700254B65 /* Sources */,
				63AB602F2BB5DC4700254B65 /* Frameworks */,
				63527C5A2CA5EFFD0089DB0D /* mkdb */,
				63AB60302BB5DC4700254B65 /* Resources */,
			);
			buildRules = (
			);
			dependencies = (
			);
			fileSystemSynchronizedGroups = (
				639992162EB2670700013B06 /* Resources */,
			);
			name = xxx;
			productName = pkgx;
			productReference = 63AB60322BB5DC4700254B65 /* xxx.app */;
			productType = "com.apple.product-type.application";
		};
/* End PBXNativeTarget section */

/* Begin PBXProject section */
		63AB602A2BB5DC4700254B65 /* Project object */ = {
			isa = PBXProject;
			attributes = {
				BuildIndependentTargetsInParallel = 1;
				LastSwiftUpdateCheck = 1530;
				LastUpgradeCheck = 1530;
				TargetAttributes = {
					63AB60312BB5DC4700254B65 = {
						CreatedOnToolsVersion = 15.3;
					};
				};
			};
			buildConfigurationList = 63AB602D2BB5DC4700254B65 /* Build configuration list for PBXProject "xxx" */;
			compatibilityVersion = "Xcode 14.0";
			developmentRegion = en;
			hasScannedForEncodings = 0;
			knownRegions = (
				en,
				Base,
			);
			mainGroup = 63AB60292BB5DC4700254B65;
			packageReferences = (
				636F8E5C2E45156D00BD4256 /* XCRemoteSwiftPackageReference "HotKey" */,
			);
			productRefGroup = 63AB60332BB5DC4700254B65 /* Products */;
			projectDirPath = "";
			projectRoot = "";
			targets = (
				63AB60312BB5DC4700254B65 /* xxx */,
			);
		};
/* End PBXProject section */

/* Begin PBXResourcesBuildPhase section */
		63AB60302BB5DC4700254B65 /* Resources */ = {
			isa = PBXResourcesBuildPhase;
			buildActionMask = 2147483647;
			files = (
				63527C652CA5F0CD0089DB0D /* formula.json in Resources */,
				63527C662CA5F0CD0089DB0D /* cask.json in Resources */,
				63AB603A2BB5DC4800254B65 /* Assets.xcassets in Resources */,
			);
			runOnlyForDeploymentPostprocessing = 0;
		};
/* End PBXResourcesBuildPhase section */

/* Begin PBXShellScriptBuildPhase section */
		63527C5A2CA5EFFD0089DB0D /* mkdb */ = {
			isa = PBXShellScriptBuildPhase;
			buildActionMask = 2147483647;
			files = (
			);
			inputFileListPaths = (
			);
			inputPaths = (
				"$(SRCROOT)/Scripts/mkdb.ts",
			);
			name = mkdb;
			outputFileListPaths = (
			);
			outputPaths = (
				"$(SRCROOT)/Data/formula.json",
				"$(SRCROOT)/Data/cask.json",
				"$(SRCROOT)/DerivedData/mkdb/cask.json",
				"$(SRCROOT)/DerivedData/mkdb/formula.json",
				"$(SRCROOT)/DerivedData/mkdb/cask.json.etag",
				"$(SRCROOT)/DerivedData/mkdb/formula.json.etag",
			);
			runOnlyForDeploymentPostprocessing = 0;
			shellPath = /bin/sh;
			shellScript = "$SRCROOT/Scripts/mkdb.ts\n";
		};
/* End PBXShellScriptBuildPhase section */

/* Begin PBXSourcesBuildPhase section */
		63AB602E2BB5DC4700254B65 /* Sources */ = {
			isa = PBXSourcesBuildPhase;
			buildActionMask = 2147483647;
			files = (
				152D80D6AF084DAB97550FA4 /* SearchModels.swift in Sources */,
				C8997156F90D42B087D55ACF /* SearchProvider.swift in Sources */,
				40F163A6A2FD4F6AB5D7A470 /* FuzzySearchHelper.swift in Sources */,
				7736A268BF87493C9A73C67B /* InstalledApplicationsProvider.swift in Sources */,
				13F8AD798DCE430389F17335 /* CommandHistoryProvider.swift in Sources */,
				938A1D0CFD994AA68424E402 /* CaskSearchProvider.swift in Sources */,
				A6C666C8C8664BE0853AACB2 /* Conductor.swift in Sources */,
				F423BD0F3064F53E64E5364F /* CommandHistory.swift in Sources */,
				636F8E582E4506D600BD4256 /* App.swift in Sources */,
				636F8E5B2E45092B00BD4256 /* main.swift in Sources */,
				636F8E542E45061C00BD4256 /* MainWindowController.swift in Sources */,
				636F8E552E45061C00BD4256 /* MainViewController.swift in Sources */,
				63FA80022F7B1C1000A1B234 /* GlobalShortcutManager.swift in Sources */,
				63FA80042F7B1C1000A1B234 /* ShortcutCaptureTextField.swift in Sources */,
				63FA80062F7B1C1000A1B234 /* SettingsViewController.swift in Sources */,
				63FA80082F7B1C1000A1B234 /* SettingsWindowController.swift in Sources */,
				D4FE57E32FC8DCD8009F6AC1 /* SearchResultCellView.swift in Sources */,
				D4FE57E42FC8DCD8009F6AC1 /* SearchResult+Presentation.swift in Sources */,
				D4FE58052FC8E0E9009F6AC1 /* CommandMenuController.swift in Sources */,
			);
			runOnlyForDeploymentPostprocessing = 0;
		};
/* End PBXSourcesBuildPhase section */

/* Begin XCBuildConfiguration section */
		63AB603F2BB5DC4800254B65 /* Debug */ = {
			isa = XCBuildConfiguration;
			buildSettings = {
				ALWAYS_SEARCH_USER_PATHS = NO;
				ASSETCATALOG_COMPILER_GENERATE_SWIFT_ASSET_SYMBOL_EXTENSIONS = YES;
				CLANG_ANALYZER_NONNULL = YES;
				CLANG_ANALYZER_NUMBER_OBJECT_CONVERSION = YES_AGGRESSIVE;
				CLANG_CXX_LANGUAGE_STANDARD = "gnu++20";
				CLANG_ENABLE_MODULES = YES;
				CLANG_ENABLE_OBJC_ARC = YES;
				CLANG_ENABLE_OBJC_WEAK = YES;
				CLANG_WARN_BLOCK_CAPTURE_AUTORELEASING = YES;
				CLANG_WARN_BOOL_CONVERSION = YES;
				CLANG_WARN_COMMA = YES;
				CLANG_WARN_CONSTANT_CONVERSION = YES;
				CLANG_WARN_DEPRECATED_OBJC_IMPLEMENTATIONS = YES;
				CLANG_WARN_DIRECT_OBJC_ISA_USAGE = YES_ERROR;
				CLANG_WARN_DOCUMENTATION_COMMENTS = YES;
				CLANG_WARN_EMPTY_BODY = YES;
				CLANG_WARN_ENUM_CONVERSION = YES;
				CLANG_WARN_INFINITE_RECURSION = YES;
				CLANG_WARN_INT_CONVERSION = YES;
				CLANG_WARN_NON_LITERAL_NULL_CONVERSION = YES;
				CLANG_WARN_OBJC_IMPLICIT_RETAIN_SELF = YES;
				CLANG_WARN_OBJC_LITERAL_CONVERSION = YES;
				CLANG_WARN_OBJC_ROOT_CLASS = YES_ERROR;
				CLANG_WARN_QUOTED_INCLUDE_IN_FRAMEWORK_HEADER = YES;
				CLANG_WARN_RANGE_LOOP_ANALYSIS = YES;
				CLANG_WARN_STRICT_PROTOTYPES = YES;
				CLANG_WARN_SUSPICIOUS_MOVE = YES;
				CLANG_WARN_UNGUARDED_AVAILABILITY = YES_AGGRESSIVE;
				CLANG_WARN_UNREACHABLE_CODE = YES;
				CLANG_WARN__DUPLICATE_METHOD_MATCH = YES;
				COPY_PHASE_STRIP = NO;
				DEBUG_INFORMATION_FORMAT = dwarf;
				ENABLE_STRICT_OBJC_MSGSEND = YES;
				ENABLE_TESTABILITY = YES;
				ENABLE_USER_SCRIPT_SANDBOXING = YES;
				GCC_C_LANGUAGE_STANDARD = gnu17;
				GCC_DYNAMIC_NO_PIC = NO;
				GCC_NO_COMMON_BLOCKS = YES;
				GCC_OPTIMIZATION_LEVEL = 0;
				GCC_PREPROCESSOR_DEFINITIONS = (
					"DEBUG=1",
					"$(inherited)",
				);
				GCC_WARN_64_TO_32_BIT_CONVERSION = YES;
				GCC_WARN_ABOUT_RETURN_TYPE = YES_ERROR;
				GCC_WARN_UNDECLARED_SELECTOR = YES;
				GCC_WARN_UNINITIALIZED_AUTOS = YES_AGGRESSIVE;
				GCC_WARN_UNUSED_FUNCTION = YES;
				GCC_WARN_UNUSED_VARIABLE = YES;
				LOCALIZATION_PREFERS_STRING_CATALOGS = YES;
				MTL_ENABLE_DEBUG_INFO = INCLUDE_SOURCE;
				MTL_FAST_MATH = YES;
				ONLY_ACTIVE_ARCH = YES;
				SWIFT_ACTIVE_COMPILATION_CONDITIONS = "DEBUG $(inherited)";
				SWIFT_OPTIMIZATION_LEVEL = "-Onone";
			};
			name = Debug;
		};
		63AB60402BB5DC4800254B65 /* Release */ = {
			isa = XCBuildConfiguration;
			buildSettings = {
				ALWAYS_SEARCH_USER_PATHS = NO;
				ASSETCATALOG_COMPILER_GENERATE_SWIFT_ASSET_SYMBOL_EXTENSIONS = YES;
				CLANG_ANALYZER_NONNULL = YES;
				CLANG_ANALYZER_NUMBER_OBJECT_CONVERSION = YES_AGGRESSIVE;
				CLANG_CXX_LANGUAGE_STANDARD = "gnu++20";
				CLANG_ENABLE_MODULES = YES;
				CLANG_ENABLE_OBJC_ARC = YES;
				CLANG_ENABLE_OBJC_WEAK = YES;
				CLANG_WARN_BLOCK_CAPTURE_AUTORELEASING = YES;
				CLANG_WARN_BOOL_CONVERSION = YES;
				CLANG_WARN_COMMA = YES;
				CLANG_WARN_CONSTANT_CONVERSION = YES;
				CLANG_WARN_DEPRECATED_OBJC_IMPLEMENTATIONS = YES;
				CLANG_WARN_DIRECT_OBJC_ISA_USAGE = YES_ERROR;
				CLANG_WARN_DOCUMENTATION_COMMENTS = YES;
				CLANG_WARN_EMPTY_BODY = YES;
				CLANG_WARN_ENUM_CONVERSION = YES;
				CLANG_WARN_INFINITE_RECURSION = YES;
				CLANG_WARN_INT_CONVERSION = YES;
				CLANG_WARN_NON_LITERAL_NULL_CONVERSION = YES;
				CLANG_WARN_OBJC_IMPLICIT_RETAIN_SELF = YES;
				CLANG_WARN_OBJC_LITERAL_CONVERSION = YES;
				CLANG_WARN_OBJC_ROOT_CLASS = YES_ERROR;
				CLANG_WARN_QUOTED_INCLUDE_IN_FRAMEWORK_HEADER = YES;
				CLANG_WARN_RANGE_LOOP_ANALYSIS = YES;
				CLANG_WARN_STRICT_PROTOTYPES = YES;
				CLANG_WARN_SUSPICIOUS_MOVE = YES;
				CLANG_WARN_UNGUARDED_AVAILABILITY = YES_AGGRESSIVE;
				CLANG_WARN_UNREACHABLE_CODE = YES;
				CLANG_WARN__DUPLICATE_METHOD_MATCH = YES;
				COPY_PHASE_STRIP = NO;
				DEBUG_INFORMATION_FORMAT = "dwarf-with-dsym";
				ENABLE_NS_ASSERTIONS = NO;
				ENABLE_STRICT_OBJC_MSGSEND = YES;
				ENABLE_USER_SCRIPT_SANDBOXING = YES;
				GCC_C_LANGUAGE_STANDARD = gnu17;
				GCC_NO_COMMON_BLOCKS = YES;
				GCC_WARN_64_TO_32_BIT_CONVERSION = YES;
				GCC_WARN_ABOUT_RETURN_TYPE = YES_ERROR;
				GCC_WARN_UNDECLARED_SELECTOR = YES;
				GCC_WARN_UNINITIALIZED_AUTOS = YES_AGGRESSIVE;
				GCC_WARN_UNUSED_FUNCTION = YES;
				GCC_WARN_UNUSED_VARIABLE = YES;
				LOCALIZATION_PREFERS_STRING_CATALOGS = YES;
				MTL_ENABLE_DEBUG_INFO = NO;
				MTL_FAST_MATH = YES;
				SWIFT_COMPILATION_MODE = wholemodule;
			};
			name = Release;
		};
		63AB60422BB5DC4800254B65 /* Debug */ = {
			isa = XCBuildConfiguration;
			buildSettings = {
				ASSETCATALOG_COMPILER_APPICON_NAME = AppIcon;
				ASSETCATALOG_COMPILER_GLOBAL_ACCENT_COLOR_NAME = AccentColor;
				CODE_SIGN_ENTITLEMENTS = Sources/xxx.entitlements;
				CODE_SIGN_STYLE = Automatic;
				CURRENT_PROJECT_VERSION = 1;
				DEVELOPMENT_TEAM = ZU76A67LGU;
				ENABLE_PREVIEWS = YES;
				GENERATE_INFOPLIST_FILE = YES;
				INFOPLIST_FILE = "Sources/xxx-Info.plist";
				"INFOPLIST_KEY_UIApplicationSceneManifest_Generation[sdk=iphoneos*]" = YES;
				"INFOPLIST_KEY_UIApplicationSceneManifest_Generation[sdk=iphonesimulator*]" = YES;
				"INFOPLIST_KEY_UIApplicationSupportsIndirectInputEvents[sdk=iphoneos*]" = YES;
				"INFOPLIST_KEY_UIApplicationSupportsIndirectInputEvents[sdk=iphonesimulator*]" = YES;
				"INFOPLIST_KEY_UILaunchScreen_Generation[sdk=iphoneos*]" = YES;
				"INFOPLIST_KEY_UILaunchScreen_Generation[sdk=iphonesimulator*]" = YES;
				"INFOPLIST_KEY_UIStatusBarStyle[sdk=iphoneos*]" = UIStatusBarStyleDefault;
				"INFOPLIST_KEY_UIStatusBarStyle[sdk=iphonesimulator*]" = UIStatusBarStyleDefault;
				INFOPLIST_KEY_UISupportedInterfaceOrientations = UIInterfaceOrientationPortrait;
				INFOPLIST_KEY_UISupportedInterfaceOrientations_iPad = "UIInterfaceOrientationLandscapeLeft UIInterfaceOrientationLandscapeRight UIInterfaceOrientationPortrait UIInterfaceOrientationPortraitUpsideDown";
				IPHONEOS_DEPLOYMENT_TARGET = 17.4;
				LD_RUNPATH_SEARCH_PATHS = "@executable_path/Frameworks";
				"LD_RUNPATH_SEARCH_PATHS[sdk=macosx*]" = "@executable_path/../Frameworks";
				MACOSX_DEPLOYMENT_TARGET = 11.5;
				MARKETING_VERSION = 1.0;
				PRODUCT_BUNDLE_IDENTIFIER = xyz.xxx;
				PRODUCT_NAME = "$(TARGET_NAME)";
				SDKROOT = auto;
				SUPPORTED_PLATFORMS = macosx;
				SUPPORTS_MACCATALYST = NO;
				SWIFT_EMIT_LOC_STRINGS = YES;
				SWIFT_VERSION = 5.0;
			};
			name = Debug;
		};
		63AB60432BB5DC4800254B65 /* Release */ = {
			isa = XCBuildConfiguration;
			buildSettings = {
				ASSETCATALOG_COMPILER_APPICON_NAME = AppIcon;
				ASSETCATALOG_COMPILER_GLOBAL_ACCENT_COLOR_NAME = AccentColor;
				CODE_SIGN_ENTITLEMENTS = Sources/xxx.entitlements;
				CODE_SIGN_STYLE = Automatic;
				CURRENT_PROJECT_VERSION = 1;
				DEVELOPMENT_TEAM = ZU76A67LGU;
				ENABLE_PREVIEWS = YES;
				GENERATE_INFOPLIST_FILE = YES;
				INFOPLIST_FILE = "Sources/xxx-Info.plist";
				"INFOPLIST_KEY_UIApplicationSceneManifest_Generation[sdk=iphoneos*]" = YES;
				"INFOPLIST_KEY_UIApplicationSceneManifest_Generation[sdk=iphonesimulator*]" = YES;
				"INFOPLIST_KEY_UIApplicationSupportsIndirectInputEvents[sdk=iphoneos*]" = YES;
				"INFOPLIST_KEY_UIApplicationSupportsIndirectInputEvents[sdk=iphonesimulator*]" = YES;
				"INFOPLIST_KEY_UILaunchScreen_Generation[sdk=iphoneos*]" = YES;
				"INFOPLIST_KEY_UILaunchScreen_Generation[sdk=iphonesimulator*]" = YES;
				"INFOPLIST_KEY_UIStatusBarStyle[sdk=iphoneos*]" = UIStatusBarStyleDefault;
				"INFOPLIST_KEY_UIStatusBarStyle[sdk=iphonesimulator*]" = UIStatusBarStyleDefault;
				INFOPLIST_KEY_UISupportedInterfaceOrientations = UIInterfaceOrientationPortrait;
				INFOPLIST_KEY_UISupportedInterfaceOrientations_iPad = "UIInterfaceOrientationLandscapeLeft UIInterfaceOrientationLandscapeRight UIInterfaceOrientationPortrait UIInterfaceOrientationPortraitUpsideDown";
				IPHONEOS_DEPLOYMENT_TARGET = 17.4;
				LD_RUNPATH_SEARCH_PATHS = "@executable_path/Frameworks";
				"LD_RUNPATH_SEARCH_PATHS[sdk=macosx*]" = "@executable_path/../Frameworks";
				MACOSX_DEPLOYMENT_TARGET = 11.5;
				MARKETING_VERSION = 1.0;
				PRODUCT_BUNDLE_IDENTIFIER = xyz.xxx;
				PRODUCT_NAME = "$(TARGET_NAME)";
				SDKROOT = auto;
				SUPPORTED_PLATFORMS = macosx;
				SUPPORTS_MACCATALYST = NO;
				SWIFT_EMIT_LOC_STRINGS = YES;
				SWIFT_VERSION = 5.0;
			};
			name = Release;
		};
/* End XCBuildConfiguration section */

/* Begin XCConfigurationList section */
		63AB602D2BB5DC4700254B65 /* Build configuration list for PBXProject "xxx" */ = {
			isa = XCConfigurationList;
			buildConfigurations = (
				63AB603F2BB5DC4800254B65 /* Debug */,
				63AB60402BB5DC4800254B65 /* Release */,
			);
			defaultConfigurationIsVisible = 0;
			defaultConfigurationName = Release;
		};
		63AB60412BB5DC4800254B65 /* Build configuration list for PBXNativeTarget "xxx" */ = {
			isa = XCConfigurationList;
			buildConfigurations = (
				63AB60422BB5DC4800254B65 /* Debug */,
				63AB60432BB5DC4800254B65 /* Release */,
			);
			defaultConfigurationIsVisible = 0;
			defaultConfigurationName = Release;
		};
/* End XCConfigurationList section */

/* Begin XCRemoteSwiftPackageReference section */
		636F8E5C2E45156D00BD4256 /* XCRemoteSwiftPackageReference "HotKey" */ = {
			isa = XCRemoteSwiftPackageReference;
			repositoryURL = "https://github.com/soffes/HotKey";
			requirement = {
				kind = upToNextMinorVersion;
				minimumVersion = 0.2.0;
			};
		};
/* End XCRemoteSwiftPackageReference section */

/* Begin XCSwiftPackageProductDependency section */
		636F8E5D2E45156D00BD4256 /* HotKey */ = {
			isa = XCSwiftPackageProductDependency;
			package = 636F8E5C2E45156D00BD4256 /* XCRemoteSwiftPackageReference "HotKey" */;
			productName = HotKey;
		};
/* End XCSwiftPackageProductDependency section */
	};
	rootObject = 63AB602A2BB5DC4700254B65 /* Project object */;
}
